// !$*UTF8*$!
{
	archiveVersion = 1;
	classes = {
	};
	objectVersion = 46;
	objects = {

/* Begin PBXBuildFile section */
		22250D2E1989BB90006816C2 /* ZoomToPoint.swift in Sources */ = {isa = PBXBuildFile; fileRef = 22250D2D1989BB90006816C2 /* ZoomToPoint.swift */; };
		22250D301989DD03006816C2 /* PhotosFeedParserDelegate.swift in Sources */ = {isa = PBXBuildFile; fileRef = 22250D2F1989DD03006816C2 /* PhotosFeedParserDelegate.swift */; };
		22250D321989DFB6006816C2 /* EnlargedPhotoGestureRecognizers.swift in Sources */ = {isa = PBXBuildFile; fileRef = 22250D311989DFB6006816C2 /* EnlargedPhotoGestureRecognizers.swift */; };
		222CC7E319C372E000C4670D /* StarredPosts.swift in Sources */ = {isa = PBXBuildFile; fileRef = 222CC7E219C372E000C4670D /* StarredPosts.swift */; };
		222CC7E519C3860700C4670D /* InfoAndBiosContent.swift in Sources */ = {isa = PBXBuildFile; fileRef = 222CC7E419C3860700C4670D /* InfoAndBiosContent.swift */; };
		222CC7E919C4E67A00C4670D /* ParseAndMWFeedItem.swift in Sources */ = {isa = PBXBuildFile; fileRef = 222CC7E819C4E67A00C4670D /* ParseAndMWFeedItem.swift */; };
		222EA4DB1980634C00F9CE31 /* TopScrollable.swift in Sources */ = {isa = PBXBuildFile; fileRef = 222EA4DA1980634C00F9CE31 /* TopScrollable.swift */; };
		222EA53919809D1100F9CE31 /* EnlargedPhoto.swift in Sources */ = {isa = PBXBuildFile; fileRef = 222EA53819809D1100F9CE31 /* EnlargedPhoto.swift */; };
		222EA53B1980A96700F9CE31 /* EnlargedPhotoDelegate.swift in Sources */ = {isa = PBXBuildFile; fileRef = 222EA53A1980A96700F9CE31 /* EnlargedPhotoDelegate.swift */; };
		222EA53D1981DE9600F9CE31 /* libxml2.dylib in Frameworks */ = {isa = PBXBuildFile; fileRef = 222EA53C1981DE9600F9CE31 /* libxml2.dylib */; };
		222EA53F1982014300F9CE31 /* GCD.swift in Sources */ = {isa = PBXBuildFile; fileRef = 222EA53E1982014300F9CE31 /* GCD.swift */; };
		222EA5591983E87700F9CE31 /* HighResImageDownloader.swift in Sources */ = {isa = PBXBuildFile; fileRef = 222EA5581983E87700F9CE31 /* HighResImageDownloader.swift */; };
		2238EA8419C66E06008F897D /* Launch Screen.xib in Resources */ = {isa = PBXBuildFile; fileRef = 2238EA8319C66E06008F897D /* Launch Screen.xib */; };
		22464415194BE612000F5568 /* AppDelegate.swift in Sources */ = {isa = PBXBuildFile; fileRef = 22464414194BE612000F5568 /* AppDelegate.swift */; };
		22464417194BE612000F5568 /* PostTableViewController.swift in Sources */ = {isa = PBXBuildFile; fileRef = 22464416194BE612000F5568 /* PostTableViewController.swift */; };
		2246441C194BE612000F5568 /* Main.storyboard in Resources */ = {isa = PBXBuildFile; fileRef = 2246441A194BE612000F5568 /* Main.storyboard */; };
		22464436194BEC1A000F5568 /* Images.xcassets in Resources */ = {isa = PBXBuildFile; fileRef = 22464435194BEC1A000F5568 /* Images.xcassets */; };
		22464438194BEE6C000F5568 /* Constants.swift in Sources */ = {isa = PBXBuildFile; fileRef = 22464437194BEE6C000F5568 /* Constants.swift */; };
		22471948195A64C70054D887 /* PostViewController.swift in Sources */ = {isa = PBXBuildFile; fileRef = 22471947195A64C70054D887 /* PostViewController.swift */; };
		224AA02219C607A500E0BC7B /* InfoTransitionManager.swift in Sources */ = {isa = PBXBuildFile; fileRef = 224AA02119C607A500E0BC7B /* InfoTransitionManager.swift */; };
		224AA02419C6082D00E0BC7B /* BiosViewController.swift in Sources */ = {isa = PBXBuildFile; fileRef = 224AA02319C6082D00E0BC7B /* BiosViewController.swift */; };
		224F90F7197200AD00A59278 /* SectionsViewController.swift in Sources */ = {isa = PBXBuildFile; fileRef = 224F90F6197200AD00A59278 /* SectionsViewController.swift */; };
		224F90F91972013500A59278 /* SectionsCell.swift in Sources */ = {isa = PBXBuildFile; fileRef = 224F90F81972013500A59278 /* SectionsCell.swift */; };
		224F90FB19721A9900A59278 /* ThemedNavigationController.swift in Sources */ = {isa = PBXBuildFile; fileRef = 224F90FA19721A9900A59278 /* ThemedNavigationController.swift */; };
		224F90FD197221C000A59278 /* BugFixTableViewController.swift in Sources */ = {isa = PBXBuildFile; fileRef = 224F90FC197221C000A59278 /* BugFixTableViewController.swift */; };
		22512B3719AEB75300A511B7 /* Valid.swift in Sources */ = {isa = PBXBuildFile; fileRef = 22512B3619AEB75300A511B7 /* Valid.swift */; };
		2258C1D619B7F968002CC07A /* StarButtonDelegate.swift in Sources */ = {isa = PBXBuildFile; fileRef = 2258C1D519B7F968002CC07A /* StarButtonDelegate.swift */; };
		2263E6F11964F68F000C00F5 /* InfoContentViewController.swift in Sources */ = {isa = PBXBuildFile; fileRef = 2263E6F01964F68F000C00F5 /* InfoContentViewController.swift */; };
		2263E6F41964F869000C00F5 /* InfoViewController.swift in Sources */ = {isa = PBXBuildFile; fileRef = 2263E6F31964F869000C00F5 /* InfoViewController.swift */; };
		227EFC4519723ECC00023C2A /* HomeViewController.swift in Sources */ = {isa = PBXBuildFile; fileRef = 227EFC4419723ECC00023C2A /* HomeViewController.swift */; };
		22940C0319730CCF00C14046 /* QuartzCore.framework in Frameworks */ = {isa = PBXBuildFile; fileRef = 22940C0219730CCF00C14046 /* QuartzCore.framework */; };
		22940C08197775E000C14046 /* BlogsViewController.swift in Sources */ = {isa = PBXBuildFile; fileRef = 22940C07197775E000C14046 /* BlogsViewController.swift */; };
		229B058519687EC70091120C /* PhotosViewController.swift in Sources */ = {isa = PBXBuildFile; fileRef = 229B058419687EC70091120C /* PhotosViewController.swift */; };
		229B0587196886470091120C /* PhotoCell.swift in Sources */ = {isa = PBXBuildFile; fileRef = 229B0586196886470091120C /* PhotoCell.swift */; };
		229B2542194D1AF500975671 /* ImageIO.framework in Frameworks */ = {isa = PBXBuildFile; fileRef = 229B2541194D1AF500975671 /* ImageIO.framework */; };
		229B6CE119B3DF4E00827BEB /* ShowAlertForErrorCode.swift in Sources */ = {isa = PBXBuildFile; fileRef = 229B6CE019B3DF4E00827BEB /* ShowAlertForErrorCode.swift */; };
		22B3040119C6B2FA00C18C7A /* Settings.bundle in Resources */ = {isa = PBXBuildFile; fileRef = 22B3040019C6B2FA00C18C7A /* Settings.bundle */; };
		22C0102E194CEF3200704CD7 /* PostCell.swift in Sources */ = {isa = PBXBuildFile; fileRef = 22C0102D194CEF3200704CD7 /* PostCell.swift */; };
		22CBE1F7197C92AF0069BB5F /* LinkAlertDelegate.swift in Sources */ = {isa = PBXBuildFile; fileRef = 22CBE1F6197C92AF0069BB5F /* LinkAlertDelegate.swift */; };
		22D02BA219D7DE8500923FC5 /* PushViewController.swift in Sources */ = {isa = PBXBuildFile; fileRef = 22D02BA119D7DE8500923FC5 /* PushViewController.swift */; };
		22D6B39C1969A8AC00DD664E /* FeedParser.swift in Sources */ = {isa = PBXBuildFile; fileRef = 22D6B39B1969A8AC00DD664E /* FeedParser.swift */; };
		22E3D5F7198DA75F00756ED7 /* ToolbarTitleText.swift in Sources */ = {isa = PBXBuildFile; fileRef = 22E3D5F6198DA75F00756ED7 /* ToolbarTitleText.swift */; };
		22EC39A319A9260C0058BD2E /* p.swift in Sources */ = {isa = PBXBuildFile; fileRef = 22EC39A219A9260C0058BD2E /* p.swift */; };
		22EC39BB19A96A000058BD2E /* AudioToolbox.framework in Frameworks */ = {isa = PBXBuildFile; fileRef = 22EC39BA19A96A000058BD2E /* AudioToolbox.framework */; };
		22EC39BD19A96A0A0058BD2E /* CFNetwork.framework in Frameworks */ = {isa = PBXBuildFile; fileRef = 22EC39BC19A96A0A0058BD2E /* CFNetwork.framework */; };
		22EC39BF19A96A0E0058BD2E /* CoreGraphics.framework in Frameworks */ = {isa = PBXBuildFile; fileRef = 22EC39BE19A96A0E0058BD2E /* CoreGraphics.framework */; };
		22EC39C119A96A130058BD2E /* CoreLocation.framework in Frameworks */ = {isa = PBXBuildFile; fileRef = 22EC39C019A96A130058BD2E /* CoreLocation.framework */; };
		22EC39C319A96A170058BD2E /* libz.dylib in Frameworks */ = {isa = PBXBuildFile; fileRef = 22EC39C219A96A170058BD2E /* libz.dylib */; };
		22EC39C519A96A1B0058BD2E /* MobileCoreServices.framework in Frameworks */ = {isa = PBXBuildFile; fileRef = 22EC39C419A96A1B0058BD2E /* MobileCoreServices.framework */; };
		22EC39C719A96A260058BD2E /* Security.framework in Frameworks */ = {isa = PBXBuildFile; fileRef = 22EC39C619A96A260058BD2E /* Security.framework */; };
		22EC39C919A96A2C0058BD2E /* StoreKit.framework in Frameworks */ = {isa = PBXBuildFile; fileRef = 22EC39C819A96A2C0058BD2E /* StoreKit.framework */; };
		22EC39CB19A96A300058BD2E /* SystemConfiguration.framework in Frameworks */ = {isa = PBXBuildFile; fileRef = 22EC39CA19A96A300058BD2E /* SystemConfiguration.framework */; };
		22EC39D119A976300058BD2E /* Accounts.framework in Frameworks */ = {isa = PBXBuildFile; fileRef = 22EC39D019A976300058BD2E /* Accounts.framework */; };
		22EC39D319A976350058BD2E /* Social.framework in Frameworks */ = {isa = PBXBuildFile; fileRef = 22EC39D219A976350058BD2E /* Social.framework */; };
		22EC39D519A979560058BD2E /* Keys.plist in Resources */ = {isa = PBXBuildFile; fileRef = 22EC39D419A979560058BD2E /* Keys.plist */; };
		22EC39D719AA91950058BD2E /* LoginViewController.swift in Sources */ = {isa = PBXBuildFile; fileRef = 22EC39D619AA91950058BD2E /* LoginViewController.swift */; };
		22EC39DA19AA93F60058BD2E /* SignUpViewController.swift in Sources */ = {isa = PBXBuildFile; fileRef = 22EC39D919AA93F60058BD2E /* SignUpViewController.swift */; };
		22FCAA1E19C52804004612C2 /* FavoritesHeaderView.swift in Sources */ = {isa = PBXBuildFile; fileRef = 22FCAA1D19C52804004612C2 /* FavoritesHeaderView.swift */; };
		22FE3C8019B4BAD200171C7D /* FavoritesViewController.swift in Sources */ = {isa = PBXBuildFile; fileRef = 22FE3C7F19B4BAD200171C7D /* FavoritesViewController.swift */; };
		B55B71161AE1D592004C06D1 /* Bolts.framework in Frameworks */ = {isa = PBXBuildFile; fileRef = B55B71131AE1D592004C06D1 /* Bolts.framework */; };
		B55B71171AE1D592004C06D1 /* Parse.framework in Frameworks */ = {isa = PBXBuildFile; fileRef = B55B71141AE1D592004C06D1 /* Parse.framework */; };
		B55B71181AE1D592004C06D1 /* ParseCrashReporting.framework in Frameworks */ = {isa = PBXBuildFile; fileRef = B55B71151AE1D592004C06D1 /* ParseCrashReporting.framework */; };
		B55B711A1AE1DEB2004C06D1 /* libsqlite3.dylib in Frameworks */ = {isa = PBXBuildFile; fileRef = B55B71191AE1DEB2004C06D1 /* libsqlite3.dylib */; };
		B57FB9F71A9A917F003FB6A9 /* SearchBarThemer.m in Sources */ = {isa = PBXBuildFile; fileRef = B57FB9F61A9A917F003FB6A9 /* SearchBarThemer.m */; };
		B57FB9F91A9A9985003FB6A9 /* SearchResultsViewController.swift in Sources */ = {isa = PBXBuildFile; fileRef = B57FB9F81A9A9985003FB6A9 /* SearchResultsViewController.swift */; };
		B5C60F911AE1E1C00094F41B /* libstdc++.6.dylib in Frameworks */ = {isa = PBXBuildFile; fileRef = B5C60F901AE1E1C00094F41B /* libstdc++.6.dylib */; };
		DAC128EBE22A4105A5D862FE /* libPods.a in Frameworks */ = {isa = PBXBuildFile; fileRef = 08AAF408A02D41FBBE1EBE82 /* libPods.a */; };
/* End PBXBuildFile section */

/* Begin PBXFileReference section */
		08AAF408A02D41FBBE1EBE82 /* libPods.a */ = {isa = PBXFileReference; explicitFileType = archive.ar; includeInIndex = 0; path = libPods.a; sourceTree = BUILT_PRODUCTS_DIR; };
		22250D2D1989BB90006816C2 /* ZoomToPoint.swift */ = {isa = PBXFileReference; fileEncoding = 4; lastKnownFileType = sourcecode.swift; path = ZoomToPoint.swift; sourceTree = "<group>"; };
		22250D2F1989DD03006816C2 /* PhotosFeedParserDelegate.swift */ = {isa = PBXFileReference; fileEncoding = 4; lastKnownFileType = sourcecode.swift; path = PhotosFeedParserDelegate.swift; sourceTree = "<group>"; };
		22250D311989DFB6006816C2 /* EnlargedPhotoGestureRecognizers.swift */ = {isa = PBXFileReference; fileEncoding = 4; lastKnownFileType = sourcecode.swift; path = EnlargedPhotoGestureRecognizers.swift; sourceTree = "<group>"; };
		222CC7E219C372E000C4670D /* StarredPosts.swift */ = {isa = PBXFileReference; fileEncoding = 4; lastKnownFileType = sourcecode.swift; path = StarredPosts.swift; sourceTree = "<group>"; };
		222CC7E419C3860700C4670D /* InfoAndBiosContent.swift */ = {isa = PBXFileReference; fileEncoding = 4; lastKnownFileType = sourcecode.swift; path = InfoAndBiosContent.swift; sourceTree = "<group>"; };
		222CC7E819C4E67A00C4670D /* ParseAndMWFeedItem.swift */ = {isa = PBXFileReference; fileEncoding = 4; lastKnownFileType = sourcecode.swift; path = ParseAndMWFeedItem.swift; sourceTree = "<group>"; };
		222EA4DA1980634C00F9CE31 /* TopScrollable.swift */ = {isa = PBXFileReference; fileEncoding = 4; lastKnownFileType = sourcecode.swift; path = TopScrollable.swift; sourceTree = "<group>"; };
		222EA53819809D1100F9CE31 /* EnlargedPhoto.swift */ = {isa = PBXFileReference; fileEncoding = 4; lastKnownFileType = sourcecode.swift; path = EnlargedPhoto.swift; sourceTree = "<group>"; };
		222EA53A1980A96700F9CE31 /* EnlargedPhotoDelegate.swift */ = {isa = PBXFileReference; fileEncoding = 4; lastKnownFileType = sourcecode.swift; path = EnlargedPhotoDelegate.swift; sourceTree = "<group>"; };
		222EA53C1981DE9600F9CE31 /* libxml2.dylib */ = {isa = PBXFileReference; lastKnownFileType = "compiled.mach-o.dylib"; name = libxml2.dylib; path = usr/lib/libxml2.dylib; sourceTree = SDKROOT; };
		222EA53E1982014300F9CE31 /* GCD.swift */ = {isa = PBXFileReference; fileEncoding = 4; lastKnownFileType = sourcecode.swift; path = GCD.swift; sourceTree = "<group>"; };
		222EA5581983E87700F9CE31 /* HighResImageDownloader.swift */ = {isa = PBXFileReference; fileEncoding = 4; lastKnownFileType = sourcecode.swift; lineEnding = 0; path = HighResImageDownloader.swift; sourceTree = "<group>"; xcLanguageSpecificationIdentifier = xcode.lang.swift; };
		2231F83E194CDBDA007C7467 /* The Oakland Post-Bridging-Header.h */ = {isa = PBXFileReference; lastKnownFileType = sourcecode.c.h; path = "The Oakland Post-Bridging-Header.h"; sourceTree = "<group>"; };
		2238EA8319C66E06008F897D /* Launch Screen.xib */ = {isa = PBXFileReference; fileEncoding = 4; lastKnownFileType = file.xib; path = "Launch Screen.xib"; sourceTree = "<group>"; };
		2246440F194BE612000F5568 /* TheOaklandPost.app */ = {isa = PBXFileReference; explicitFileType = wrapper.application; includeInIndex = 0; path = TheOaklandPost.app; sourceTree = BUILT_PRODUCTS_DIR; };
		22464413194BE612000F5568 /* Info.plist */ = {isa = PBXFileReference; lastKnownFileType = text.plist.xml; path = Info.plist; sourceTree = "<group>"; };
		22464414194BE612000F5568 /* AppDelegate.swift */ = {isa = PBXFileReference; lastKnownFileType = sourcecode.swift; path = AppDelegate.swift; sourceTree = "<group>"; };
		22464416194BE612000F5568 /* PostTableViewController.swift */ = {isa = PBXFileReference; lastKnownFileType = sourcecode.swift; path = PostTableViewController.swift; sourceTree = "<group>"; };
		2246441B194BE612000F5568 /* Base */ = {isa = PBXFileReference; lastKnownFileType = file.storyboard; name = Base; path = Base.lproj/Main.storyboard; sourceTree = "<group>"; };
		22464435194BEC1A000F5568 /* Images.xcassets */ = {isa = PBXFileReference; lastKnownFileType = folder.assetcatalog; path = Images.xcassets; sourceTree = "<group>"; };
		22464437194BEE6C000F5568 /* Constants.swift */ = {isa = PBXFileReference; fileEncoding = 4; lastKnownFileType = sourcecode.swift; path = Constants.swift; sourceTree = "<group>"; };
		22471947195A64C70054D887 /* PostViewController.swift */ = {isa = PBXFileReference; fileEncoding = 4; lastKnownFileType = sourcecode.swift; path = PostViewController.swift; sourceTree = "<group>"; };
		224AA02119C607A500E0BC7B /* InfoTransitionManager.swift */ = {isa = PBXFileReference; fileEncoding = 4; lastKnownFileType = sourcecode.swift; path = InfoTransitionManager.swift; sourceTree = "<group>"; };
		224AA02319C6082D00E0BC7B /* BiosViewController.swift */ = {isa = PBXFileReference; fileEncoding = 4; lastKnownFileType = sourcecode.swift; path = BiosViewController.swift; sourceTree = "<group>"; };
		224F90F6197200AD00A59278 /* SectionsViewController.swift */ = {isa = PBXFileReference; fileEncoding = 4; lastKnownFileType = sourcecode.swift; path = SectionsViewController.swift; sourceTree = "<group>"; };
		224F90F81972013500A59278 /* SectionsCell.swift */ = {isa = PBXFileReference; fileEncoding = 4; lastKnownFileType = sourcecode.swift; path = SectionsCell.swift; sourceTree = "<group>"; };
		224F90FA19721A9900A59278 /* ThemedNavigationController.swift */ = {isa = PBXFileReference; fileEncoding = 4; lastKnownFileType = sourcecode.swift; path = ThemedNavigationController.swift; sourceTree = "<group>"; };
		224F90FC197221C000A59278 /* BugFixTableViewController.swift */ = {isa = PBXFileReference; fileEncoding = 4; lastKnownFileType = sourcecode.swift; path = BugFixTableViewController.swift; sourceTree = "<group>"; };
		22512B3619AEB75300A511B7 /* Valid.swift */ = {isa = PBXFileReference; fileEncoding = 4; lastKnownFileType = sourcecode.swift; path = Valid.swift; sourceTree = "<group>"; };
		2258C1D519B7F968002CC07A /* StarButtonDelegate.swift */ = {isa = PBXFileReference; fileEncoding = 4; lastKnownFileType = sourcecode.swift; path = StarButtonDelegate.swift; sourceTree = "<group>"; };
		2263E6F01964F68F000C00F5 /* InfoContentViewController.swift */ = {isa = PBXFileReference; fileEncoding = 4; lastKnownFileType = sourcecode.swift; path = InfoContentViewController.swift; sourceTree = "<group>"; };
		2263E6F31964F869000C00F5 /* InfoViewController.swift */ = {isa = PBXFileReference; fileEncoding = 4; lastKnownFileType = sourcecode.swift; path = InfoViewController.swift; sourceTree = "<group>"; };
		227EFC4419723ECC00023C2A /* HomeViewController.swift */ = {isa = PBXFileReference; fileEncoding = 4; lastKnownFileType = sourcecode.swift; path = HomeViewController.swift; sourceTree = "<group>"; };
		22940C0219730CCF00C14046 /* QuartzCore.framework */ = {isa = PBXFileReference; lastKnownFileType = wrapper.framework; name = QuartzCore.framework; path = System/Library/Frameworks/QuartzCore.framework; sourceTree = SDKROOT; };
		22940C07197775E000C14046 /* BlogsViewController.swift */ = {isa = PBXFileReference; fileEncoding = 4; lastKnownFileType = sourcecode.swift; path = BlogsViewController.swift; sourceTree = "<group>"; };
		229B058419687EC70091120C /* PhotosViewController.swift */ = {isa = PBXFileReference; fileEncoding = 4; lastKnownFileType = sourcecode.swift; path = PhotosViewController.swift; sourceTree = "<group>"; };
		229B0586196886470091120C /* PhotoCell.swift */ = {isa = PBXFileReference; fileEncoding = 4; lastKnownFileType = sourcecode.swift; path = PhotoCell.swift; sourceTree = "<group>"; };
		229B2541194D1AF500975671 /* ImageIO.framework */ = {isa = PBXFileReference; lastKnownFileType = wrapper.framework; name = ImageIO.framework; path = System/Library/Frameworks/ImageIO.framework; sourceTree = SDKROOT; };
		229B6CE019B3DF4E00827BEB /* ShowAlertForErrorCode.swift */ = {isa = PBXFileReference; fileEncoding = 4; lastKnownFileType = sourcecode.swift; path = ShowAlertForErrorCode.swift; sourceTree = "<group>"; };
		22B3040019C6B2FA00C18C7A /* Settings.bundle */ = {isa = PBXFileReference; lastKnownFileType = "wrapper.plug-in"; path = Settings.bundle; sourceTree = "<group>"; };
		22C0102D194CEF3200704CD7 /* PostCell.swift */ = {isa = PBXFileReference; fileEncoding = 4; lastKnownFileType = sourcecode.swift; path = PostCell.swift; sourceTree = "<group>"; };
		22CBE1F6197C92AF0069BB5F /* LinkAlertDelegate.swift */ = {isa = PBXFileReference; fileEncoding = 4; lastKnownFileType = sourcecode.swift; lineEnding = 0; path = LinkAlertDelegate.swift; sourceTree = "<group>"; xcLanguageSpecificationIdentifier = xcode.lang.swift; };
		22D02BA119D7DE8500923FC5 /* PushViewController.swift */ = {isa = PBXFileReference; fileEncoding = 4; lastKnownFileType = sourcecode.swift; path = PushViewController.swift; sourceTree = "<group>"; };
		22D6B39B1969A8AC00DD664E /* FeedParser.swift */ = {isa = PBXFileReference; fileEncoding = 4; lastKnownFileType = sourcecode.swift; path = FeedParser.swift; sourceTree = "<group>"; };
		22E3D5F6198DA75F00756ED7 /* ToolbarTitleText.swift */ = {isa = PBXFileReference; fileEncoding = 4; lastKnownFileType = sourcecode.swift; path = ToolbarTitleText.swift; sourceTree = "<group>"; };
		22EC39A219A9260C0058BD2E /* p.swift */ = {isa = PBXFileReference; fileEncoding = 4; lastKnownFileType = sourcecode.swift; path = p.swift; sourceTree = "<group>"; };
		22EC39BA19A96A000058BD2E /* AudioToolbox.framework */ = {isa = PBXFileReference; lastKnownFileType = wrapper.framework; name = AudioToolbox.framework; path = System/Library/Frameworks/AudioToolbox.framework; sourceTree = SDKROOT; };
		22EC39BC19A96A0A0058BD2E /* CFNetwork.framework */ = {isa = PBXFileReference; lastKnownFileType = wrapper.framework; name = CFNetwork.framework; path = System/Library/Frameworks/CFNetwork.framework; sourceTree = SDKROOT; };
		22EC39BE19A96A0E0058BD2E /* CoreGraphics.framework */ = {isa = PBXFileReference; lastKnownFileType = wrapper.framework; name = CoreGraphics.framework; path = System/Library/Frameworks/CoreGraphics.framework; sourceTree = SDKROOT; };
		22EC39C019A96A130058BD2E /* CoreLocation.framework */ = {isa = PBXFileReference; lastKnownFileType = wrapper.framework; name = CoreLocation.framework; path = System/Library/Frameworks/CoreLocation.framework; sourceTree = SDKROOT; };
		22EC39C219A96A170058BD2E /* libz.dylib */ = {isa = PBXFileReference; lastKnownFileType = "compiled.mach-o.dylib"; name = libz.dylib; path = usr/lib/libz.dylib; sourceTree = SDKROOT; };
		22EC39C419A96A1B0058BD2E /* MobileCoreServices.framework */ = {isa = PBXFileReference; lastKnownFileType = wrapper.framework; name = MobileCoreServices.framework; path = System/Library/Frameworks/MobileCoreServices.framework; sourceTree = SDKROOT; };
		22EC39C619A96A260058BD2E /* Security.framework */ = {isa = PBXFileReference; lastKnownFileType = wrapper.framework; name = Security.framework; path = System/Library/Frameworks/Security.framework; sourceTree = SDKROOT; };
		22EC39C819A96A2C0058BD2E /* StoreKit.framework */ = {isa = PBXFileReference; lastKnownFileType = wrapper.framework; name = StoreKit.framework; path = System/Library/Frameworks/StoreKit.framework; sourceTree = SDKROOT; };
		22EC39CA19A96A300058BD2E /* SystemConfiguration.framework */ = {isa = PBXFileReference; lastKnownFileType = wrapper.framework; name = SystemConfiguration.framework; path = System/Library/Frameworks/SystemConfiguration.framework; sourceTree = SDKROOT; };
		22EC39D019A976300058BD2E /* Accounts.framework */ = {isa = PBXFileReference; lastKnownFileType = wrapper.framework; name = Accounts.framework; path = System/Library/Frameworks/Accounts.framework; sourceTree = SDKROOT; };
		22EC39D219A976350058BD2E /* Social.framework */ = {isa = PBXFileReference; lastKnownFileType = wrapper.framework; name = Social.framework; path = System/Library/Frameworks/Social.framework; sourceTree = SDKROOT; };
		22EC39D419A979560058BD2E /* Keys.plist */ = {isa = PBXFileReference; fileEncoding = 4; lastKnownFileType = text.plist.xml; path = Keys.plist; sourceTree = "<group>"; };
		22EC39D619AA91950058BD2E /* LoginViewController.swift */ = {isa = PBXFileReference; fileEncoding = 4; lastKnownFileType = sourcecode.swift; path = LoginViewController.swift; sourceTree = "<group>"; };
		22EC39D919AA93F60058BD2E /* SignUpViewController.swift */ = {isa = PBXFileReference; fileEncoding = 4; lastKnownFileType = sourcecode.swift; path = SignUpViewController.swift; sourceTree = "<group>"; };
		22FCAA1D19C52804004612C2 /* FavoritesHeaderView.swift */ = {isa = PBXFileReference; fileEncoding = 4; lastKnownFileType = sourcecode.swift; path = FavoritesHeaderView.swift; sourceTree = "<group>"; };
		22FE3C7F19B4BAD200171C7D /* FavoritesViewController.swift */ = {isa = PBXFileReference; fileEncoding = 4; lastKnownFileType = sourcecode.swift; path = FavoritesViewController.swift; sourceTree = "<group>"; };
		859AFBB753CC9F57422B0F32 /* Pods.release.xcconfig */ = {isa = PBXFileReference; includeInIndex = 1; lastKnownFileType = text.xcconfig; name = Pods.release.xcconfig; path = "Pods/Target Support Files/Pods/Pods.release.xcconfig"; sourceTree = "<group>"; };
		B55B71131AE1D592004C06D1 /* Bolts.framework */ = {isa = PBXFileReference; lastKnownFileType = wrapper.framework; path = Bolts.framework; sourceTree = "<group>"; };
		B55B71141AE1D592004C06D1 /* Parse.framework */ = {isa = PBXFileReference; lastKnownFileType = wrapper.framework; path = Parse.framework; sourceTree = "<group>"; };
		B55B71151AE1D592004C06D1 /* ParseCrashReporting.framework */ = {isa = PBXFileReference; lastKnownFileType = wrapper.framework; path = ParseCrashReporting.framework; sourceTree = "<group>"; };
		B55B71191AE1DEB2004C06D1 /* libsqlite3.dylib */ = {isa = PBXFileReference; lastKnownFileType = "compiled.mach-o.dylib"; name = libsqlite3.dylib; path = usr/lib/libsqlite3.dylib; sourceTree = SDKROOT; };
		B57FB9F51A9A917F003FB6A9 /* SearchBarThemer.h */ = {isa = PBXFileReference; fileEncoding = 4; lastKnownFileType = sourcecode.c.h; path = SearchBarThemer.h; sourceTree = "<group>"; };
		B57FB9F61A9A917F003FB6A9 /* SearchBarThemer.m */ = {isa = PBXFileReference; fileEncoding = 4; lastKnownFileType = sourcecode.c.objc; path = SearchBarThemer.m; sourceTree = "<group>"; };
		B57FB9F81A9A9985003FB6A9 /* SearchResultsViewController.swift */ = {isa = PBXFileReference; fileEncoding = 4; lastKnownFileType = sourcecode.swift; path = SearchResultsViewController.swift; sourceTree = "<group>"; };
		B5C60F901AE1E1C00094F41B /* libstdc++.6.dylib */ = {isa = PBXFileReference; lastKnownFileType = "compiled.mach-o.dylib"; name = "libstdc++.6.dylib"; path = "usr/lib/libstdc++.6.dylib"; sourceTree = SDKROOT; };
		F9A19CA68DDB08469032569E /* Pods.debug.xcconfig */ = {isa = PBXFileReference; includeInIndex = 1; lastKnownFileType = text.xcconfig; name = Pods.debug.xcconfig; path = "Pods/Target Support Files/Pods/Pods.debug.xcconfig"; sourceTree = "<group>"; };
/* End PBXFileReference section */

/* Begin PBXFrameworksBuildPhase section */
		2246440C194BE612000F5568 /* Frameworks */ = {
			isa = PBXFrameworksBuildPhase;
			buildActionMask = 2147483647;
			files = (
				B5C60F911AE1E1C00094F41B /* libstdc++.6.dylib in Frameworks */,
				B55B711A1AE1DEB2004C06D1 /* libsqlite3.dylib in Frameworks */,
				22EC39D319A976350058BD2E /* Social.framework in Frameworks */,
				B55B71181AE1D592004C06D1 /* ParseCrashReporting.framework in Frameworks */,
				22EC39D119A976300058BD2E /* Accounts.framework in Frameworks */,
				22EC39CB19A96A300058BD2E /* SystemConfiguration.framework in Frameworks */,
				22EC39C919A96A2C0058BD2E /* StoreKit.framework in Frameworks */,
				22EC39C719A96A260058BD2E /* Security.framework in Frameworks */,
				22EC39C519A96A1B0058BD2E /* MobileCoreServices.framework in Frameworks */,
				B55B71171AE1D592004C06D1 /* Parse.framework in Frameworks */,
				22EC39C319A96A170058BD2E /* libz.dylib in Frameworks */,
				22EC39C119A96A130058BD2E /* CoreLocation.framework in Frameworks */,
				22EC39BF19A96A0E0058BD2E /* CoreGraphics.framework in Frameworks */,
				22EC39BD19A96A0A0058BD2E /* CFNetwork.framework in Frameworks */,
				22EC39BB19A96A000058BD2E /* AudioToolbox.framework in Frameworks */,
				222EA53D1981DE9600F9CE31 /* libxml2.dylib in Frameworks */,
				22940C0319730CCF00C14046 /* QuartzCore.framework in Frameworks */,
				229B2542194D1AF500975671 /* ImageIO.framework in Frameworks */,
				DAC128EBE22A4105A5D862FE /* libPods.a in Frameworks */,
				B55B71161AE1D592004C06D1 /* Bolts.framework in Frameworks */,
			);
			runOnlyForDeploymentPostprocessing = 0;
		};
/* End PBXFrameworksBuildPhase section */

/* Begin PBXGroup section */
		22250D2C1989BB80006816C2 /* Extensions */ = {
			isa = PBXGroup;
			children = (
				222CC7E819C4E67A00C4670D /* ParseAndMWFeedItem.swift */,
				22250D2D1989BB90006816C2 /* ZoomToPoint.swift */,
			);
			name = Extensions;
			sourceTree = "<group>";
		};
		22464406194BE612000F5568 = {
			isa = PBXGroup;
			children = (
				22464411194BE612000F5568 /* The Oakland Post */,
				22464410194BE612000F5568 /* Products */,
				3AA6A21ECE254B94830EFC0F /* Frameworks */,
				25315FFF1C71F074951335DA /* Pods */,
			);
			sourceTree = "<group>";
		};
		22464410194BE612000F5568 /* Products */ = {
			isa = PBXGroup;
			children = (
				2246440F194BE612000F5568 /* TheOaklandPost.app */,
			);
			name = Products;
			sourceTree = "<group>";
		};
		22464411194BE612000F5568 /* The Oakland Post */ = {
			isa = PBXGroup;
			children = (
				22464414194BE612000F5568 /* AppDelegate.swift */,
				2246441A194BE612000F5568 /* Main.storyboard */,
				22D6B39D1969A8BD00DD664E /* Global */,
				22940C0419730CFD00C14046 /* Posts */,
				2263E6F21964F694000C00F5 /* Info */,
				22EC39D819AA91980058BD2E /* Login */,
				22471943195A62FE0054D887 /* Home */,
				22471944195A630E0054D887 /* Sections */,
				22471945195A63140054D887 /* Photos */,
				22471946195A63160054D887 /* Blogs */,
				22464412194BE612000F5568 /* Supporting Files */,
			);
			path = "The Oakland Post";
			sourceTree = "<group>";
		};
		22464412194BE612000F5568 /* Supporting Files */ = {
			isa = PBXGroup;
			children = (
				22464435194BEC1A000F5568 /* Images.xcassets */,
				2238EA8319C66E06008F897D /* Launch Screen.xib */,
				2231F83E194CDBDA007C7467 /* The Oakland Post-Bridging-Header.h */,
				22B3040019C6B2FA00C18C7A /* Settings.bundle */,
				22EC39D419A979560058BD2E /* Keys.plist */,
				22464413194BE612000F5568 /* Info.plist */,
			);
			name = "Supporting Files";
			sourceTree = "<group>";
		};
		22471943195A62FE0054D887 /* Home */ = {
			isa = PBXGroup;
			children = (
				B57FB9F81A9A9985003FB6A9 /* SearchResultsViewController.swift */,
				227EFC4419723ECC00023C2A /* HomeViewController.swift */,
				22FE3C7F19B4BAD200171C7D /* FavoritesViewController.swift */,
				22FCAA1D19C52804004612C2 /* FavoritesHeaderView.swift */,
				22D02BA119D7DE8500923FC5 /* PushViewController.swift */,
			);
			name = Home;
			sourceTree = "<group>";
		};
		22471944195A630E0054D887 /* Sections */ = {
			isa = PBXGroup;
			children = (
				224F90F6197200AD00A59278 /* SectionsViewController.swift */,
				224F90F81972013500A59278 /* SectionsCell.swift */,
			);
			name = Sections;
			sourceTree = "<group>";
		};
		22471945195A63140054D887 /* Photos */ = {
			isa = PBXGroup;
			children = (
				229B058419687EC70091120C /* PhotosViewController.swift */,
				229B0586196886470091120C /* PhotoCell.swift */,
				22250D2F1989DD03006816C2 /* PhotosFeedParserDelegate.swift */,
				222EA53819809D1100F9CE31 /* EnlargedPhoto.swift */,
				222EA53A1980A96700F9CE31 /* EnlargedPhotoDelegate.swift */,
				22250D311989DFB6006816C2 /* EnlargedPhotoGestureRecognizers.swift */,
				222EA5581983E87700F9CE31 /* HighResImageDownloader.swift */,
			);
			name = Photos;
			sourceTree = "<group>";
		};
		22471946195A63160054D887 /* Blogs */ = {
			isa = PBXGroup;
			children = (
				22940C07197775E000C14046 /* BlogsViewController.swift */,
			);
			name = Blogs;
			sourceTree = "<group>";
		};
		2258C1D719B7F9AF002CC07A /* Protocols */ = {
			isa = PBXGroup;
			children = (
				2258C1D519B7F968002CC07A /* StarButtonDelegate.swift */,
				222EA4DA1980634C00F9CE31 /* TopScrollable.swift */,
			);
			name = Protocols;
			sourceTree = "<group>";
		};
		2258C1D819B7F9D3002CC07A /* Convenience */ = {
			isa = PBXGroup;
			children = (
				222EA53E1982014300F9CE31 /* GCD.swift */,
				22EC39A219A9260C0058BD2E /* p.swift */,
				229B6CE019B3DF4E00827BEB /* ShowAlertForErrorCode.swift */,
				224F90FA19721A9900A59278 /* ThemedNavigationController.swift */,
				22E3D5F6198DA75F00756ED7 /* ToolbarTitleText.swift */,
			);
			name = Convenience;
			sourceTree = "<group>";
		};
		2263E6F21964F694000C00F5 /* Info */ = {
			isa = PBXGroup;
			children = (
				2263E6F31964F869000C00F5 /* InfoViewController.swift */,
				2263E6F01964F68F000C00F5 /* InfoContentViewController.swift */,
				224AA02119C607A500E0BC7B /* InfoTransitionManager.swift */,
				224AA02319C6082D00E0BC7B /* BiosViewController.swift */,
				222CC7E419C3860700C4670D /* InfoAndBiosContent.swift */,
			);
			name = Info;
			sourceTree = "<group>";
		};
		22940C0419730CFD00C14046 /* Posts */ = {
			isa = PBXGroup;
			children = (
				22464416194BE612000F5568 /* PostTableViewController.swift */,
				22471947195A64C70054D887 /* PostViewController.swift */,
				22C0102D194CEF3200704CD7 /* PostCell.swift */,
				22CBE1F6197C92AF0069BB5F /* LinkAlertDelegate.swift */,
			);
			name = Posts;
			sourceTree = "<group>";
		};
		22D6B39D1969A8BD00DD664E /* Global */ = {
			isa = PBXGroup;
			children = (
				B57FB9F51A9A917F003FB6A9 /* SearchBarThemer.h */,
				B57FB9F61A9A917F003FB6A9 /* SearchBarThemer.m */,
				224F90FC197221C000A59278 /* BugFixTableViewController.swift */,
				22464437194BEE6C000F5568 /* Constants.swift */,
				22D6B39B1969A8AC00DD664E /* FeedParser.swift */,
				222CC7E219C372E000C4670D /* StarredPosts.swift */,
				22250D2C1989BB80006816C2 /* Extensions */,
				2258C1D719B7F9AF002CC07A /* Protocols */,
				2258C1D819B7F9D3002CC07A /* Convenience */,
			);
			name = Global;
			sourceTree = "<group>";
		};
		22EC39D819AA91980058BD2E /* Login */ = {
			isa = PBXGroup;
			children = (
				22EC39D619AA91950058BD2E /* LoginViewController.swift */,
				22EC39D919AA93F60058BD2E /* SignUpViewController.swift */,
				22512B3619AEB75300A511B7 /* Valid.swift */,
			);
			name = Login;
			sourceTree = "<group>";
		};
		25315FFF1C71F074951335DA /* Pods */ = {
			isa = PBXGroup;
			children = (
				F9A19CA68DDB08469032569E /* Pods.debug.xcconfig */,
				859AFBB753CC9F57422B0F32 /* Pods.release.xcconfig */,
			);
			name = Pods;
			sourceTree = "<group>";
		};
		3AA6A21ECE254B94830EFC0F /* Frameworks */ = {
			isa = PBXGroup;
			children = (
				B5C60F901AE1E1C00094F41B /* libstdc++.6.dylib */,
				B55B71191AE1DEB2004C06D1 /* libsqlite3.dylib */,
				B55B71131AE1D592004C06D1 /* Bolts.framework */,
				B55B71141AE1D592004C06D1 /* Parse.framework */,
				B55B71151AE1D592004C06D1 /* ParseCrashReporting.framework */,
				22EC39D219A976350058BD2E /* Social.framework */,
				22EC39D019A976300058BD2E /* Accounts.framework */,
				22EC39CA19A96A300058BD2E /* SystemConfiguration.framework */,
				22EC39C819A96A2C0058BD2E /* StoreKit.framework */,
				22EC39C619A96A260058BD2E /* Security.framework */,
				22EC39C419A96A1B0058BD2E /* MobileCoreServices.framework */,
				22EC39C219A96A170058BD2E /* libz.dylib */,
				22EC39C019A96A130058BD2E /* CoreLocation.framework */,
				22EC39BE19A96A0E0058BD2E /* CoreGraphics.framework */,
				22EC39BC19A96A0A0058BD2E /* CFNetwork.framework */,
				22EC39BA19A96A000058BD2E /* AudioToolbox.framework */,
				222EA53C1981DE9600F9CE31 /* libxml2.dylib */,
				22940C0219730CCF00C14046 /* QuartzCore.framework */,
				229B2541194D1AF500975671 /* ImageIO.framework */,
				08AAF408A02D41FBBE1EBE82 /* libPods.a */,
			);
			name = Frameworks;
			sourceTree = "<group>";
		};
/* End PBXGroup section */

/* Begin PBXNativeTarget section */
		2246440E194BE612000F5568 /* TheOaklandPost */ = {
			isa = PBXNativeTarget;
			buildConfigurationList = 2246442D194BE612000F5568 /* Build configuration list for PBXNativeTarget "TheOaklandPost" */;
			buildPhases = (
				4A3E2DEF214F4AD48C3C6176 /* Check Pods Manifest.lock */,
				2246440B194BE612000F5568 /* Sources */,
				2246440C194BE612000F5568 /* Frameworks */,
				2246440D194BE612000F5568 /* Resources */,
				05FF59F27707490BB51D2A47 /* Copy Pods Resources */,
			);
			buildRules = (
			);
			dependencies = (
			);
			name = TheOaklandPost;
			productName = "The Oakland Post";
			productReference = 2246440F194BE612000F5568 /* TheOaklandPost.app */;
			productType = "com.apple.product-type.application";
		};
/* End PBXNativeTarget section */

/* Begin PBXProject section */
		22464407194BE612000F5568 /* Project object */ = {
			isa = PBXProject;
			attributes = {
				LastUpgradeCheck = 0600;
				ORGANIZATIONNAME = "Andrew Clissold";
				TargetAttributes = {
					2246440E194BE612000F5568 = {
						CreatedOnToolsVersion = 6.0;
					};
				};
			};
			buildConfigurationList = 2246440A194BE612000F5568 /* Build configuration list for PBXProject "TheOaklandPost" */;
			compatibilityVersion = "Xcode 3.2";
			developmentRegion = English;
			hasScannedForEncodings = 0;
			knownRegions = (
				en,
				Base,
			);
			mainGroup = 22464406194BE612000F5568;
			productRefGroup = 22464410194BE612000F5568 /* Products */;
			projectDirPath = "";
			projectRoot = "";
			targets = (
				2246440E194BE612000F5568 /* TheOaklandPost */,
			);
		};
/* End PBXProject section */

/* Begin PBXResourcesBuildPhase section */
		2246440D194BE612000F5568 /* Resources */ = {
			isa = PBXResourcesBuildPhase;
			buildActionMask = 2147483647;
			files = (
				22EC39D519A979560058BD2E /* Keys.plist in Resources */,
				2238EA8419C66E06008F897D /* Launch Screen.xib in Resources */,
				22B3040119C6B2FA00C18C7A /* Settings.bundle in Resources */,
				2246441C194BE612000F5568 /* Main.storyboard in Resources */,
				22464436194BEC1A000F5568 /* Images.xcassets in Resources */,
			);
			runOnlyForDeploymentPostprocessing = 0;
		};
/* End PBXResourcesBuildPhase section */

/* Begin PBXShellScriptBuildPhase section */
		05FF59F27707490BB51D2A47 /* Copy Pods Resources */ = {
			isa = PBXShellScriptBuildPhase;
			buildActionMask = 2147483647;
			files = (
			);
			inputPaths = (
			);
			name = "Copy Pods Resources";
			outputPaths = (
			);
			runOnlyForDeploymentPostprocessing = 0;
			shellPath = /bin/sh;
			shellScript = "\"${SRCROOT}/Pods/Target Support Files/Pods/Pods-resources.sh\"\n";
			showEnvVarsInLog = 0;
		};
		4A3E2DEF214F4AD48C3C6176 /* Check Pods Manifest.lock */ = {
			isa = PBXShellScriptBuildPhase;
			buildActionMask = 2147483647;
			files = (
			);
			inputPaths = (
			);
			name = "Check Pods Manifest.lock";
			outputPaths = (
			);
			runOnlyForDeploymentPostprocessing = 0;
			shellPath = /bin/sh;
			shellScript = "diff \"${PODS_ROOT}/../Podfile.lock\" \"${PODS_ROOT}/Manifest.lock\" > /dev/null\nif [[ $? != 0 ]] ; then\n    cat << EOM\nerror: The sandbox is not in sync with the Podfile.lock. Run 'pod install' or update your CocoaPods installation.\nEOM\n    exit 1\nfi\n";
			showEnvVarsInLog = 0;
		};
/* End PBXShellScriptBuildPhase section */

/* Begin PBXSourcesBuildPhase section */
		2246440B194BE612000F5568 /* Sources */ = {
			isa = PBXSourcesBuildPhase;
			buildActionMask = 2147483647;
			files = (
				22EC39D719AA91950058BD2E /* LoginViewController.swift in Sources */,
				222EA53F1982014300F9CE31 /* GCD.swift in Sources */,
				22C0102E194CEF3200704CD7 /* PostCell.swift in Sources */,
				22250D301989DD03006816C2 /* PhotosFeedParserDelegate.swift in Sources */,
				222CC7E919C4E67A00C4670D /* ParseAndMWFeedItem.swift in Sources */,
				B57FB9F71A9A917F003FB6A9 /* SearchBarThemer.m in Sources */,
				229B0587196886470091120C /* PhotoCell.swift in Sources */,
				222EA4DB1980634C00F9CE31 /* TopScrollable.swift in Sources */,
				224AA02419C6082D00E0BC7B /* BiosViewController.swift in Sources */,
				22250D2E1989BB90006816C2 /* ZoomToPoint.swift in Sources */,
				229B6CE119B3DF4E00827BEB /* ShowAlertForErrorCode.swift in Sources */,
				222EA53919809D1100F9CE31 /* EnlargedPhoto.swift in Sources */,
				222EA5591983E87700F9CE31 /* HighResImageDownloader.swift in Sources */,
				222CC7E519C3860700C4670D /* InfoAndBiosContent.swift in Sources */,
				22FE3C8019B4BAD200171C7D /* FavoritesViewController.swift in Sources */,
				227EFC4519723ECC00023C2A /* HomeViewController.swift in Sources */,
				229B058519687EC70091120C /* PhotosViewController.swift in Sources */,
				22464417194BE612000F5568 /* PostTableViewController.swift in Sources */,
				224AA02219C607A500E0BC7B /* InfoTransitionManager.swift in Sources */,
				B57FB9F91A9A9985003FB6A9 /* SearchResultsViewController.swift in Sources */,
				22D02BA219D7DE8500923FC5 /* PushViewController.swift in Sources */,
				22464438194BEE6C000F5568 /* Constants.swift in Sources */,
				22EC39A319A9260C0058BD2E /* p.swift in Sources */,
				222CC7E319C372E000C4670D /* StarredPosts.swift in Sources */,
				224F90F91972013500A59278 /* SectionsCell.swift in Sources */,
				22E3D5F7198DA75F00756ED7 /* ToolbarTitleText.swift in Sources */,
				22EC39DA19AA93F60058BD2E /* SignUpViewController.swift in Sources */,
				224F90F7197200AD00A59278 /* SectionsViewController.swift in Sources */,
				2263E6F41964F869000C00F5 /* InfoViewController.swift in Sources */,
				22CBE1F7197C92AF0069BB5F /* LinkAlertDelegate.swift in Sources */,
				224F90FB19721A9900A59278 /* ThemedNavigationController.swift in Sources */,
				22940C08197775E000C14046 /* BlogsViewController.swift in Sources */,
				2263E6F11964F68F000C00F5 /* InfoContentViewController.swift in Sources */,
				224F90FD197221C000A59278 /* BugFixTableViewController.swift in Sources */,
				22250D321989DFB6006816C2 /* EnlargedPhotoGestureRecognizers.swift in Sources */,
				22D6B39C1969A8AC00DD664E /* FeedParser.swift in Sources */,
				22FCAA1E19C52804004612C2 /* FavoritesHeaderView.swift in Sources */,
				222EA53B1980A96700F9CE31 /* EnlargedPhotoDelegate.swift in Sources */,
				22464415194BE612000F5568 /* AppDelegate.swift in Sources */,
				22512B3719AEB75300A511B7 /* Valid.swift in Sources */,
				2258C1D619B7F968002CC07A /* StarButtonDelegate.swift in Sources */,
				22471948195A64C70054D887 /* PostViewController.swift in Sources */,
			);
			runOnlyForDeploymentPostprocessing = 0;
		};
/* End PBXSourcesBuildPhase section */

/* Begin PBXVariantGroup section */
		2246441A194BE612000F5568 /* Main.storyboard */ = {
			isa = PBXVariantGroup;
			children = (
				2246441B194BE612000F5568 /* Base */,
			);
			name = Main.storyboard;
			sourceTree = "<group>";
		};
/* End PBXVariantGroup section */

/* Begin XCBuildConfiguration section */
		2246442B194BE612000F5568 /* Debug */ = {
			isa = XCBuildConfiguration;
			buildSettings = {
				ALWAYS_SEARCH_USER_PATHS = NO;
				CLANG_CXX_LANGUAGE_STANDARD = "gnu++0x";
				CLANG_CXX_LIBRARY = "libc++";
				CLANG_ENABLE_MODULES = YES;
				CLANG_ENABLE_OBJC_ARC = YES;
				CLANG_WARN_BOOL_CONVERSION = YES;
				CLANG_WARN_CONSTANT_CONVERSION = YES;
				CLANG_WARN_DIRECT_OBJC_ISA_USAGE = YES_ERROR;
				CLANG_WARN_EMPTY_BODY = YES;
				CLANG_WARN_ENUM_CONVERSION = YES;
				CLANG_WARN_INT_CONVERSION = YES;
				CLANG_WARN_OBJC_ROOT_CLASS = YES_ERROR;
				CLANG_WARN_UNREACHABLE_CODE = YES;
				CLANG_WARN__DUPLICATE_METHOD_MATCH = YES;
				"CODE_SIGN_IDENTITY[sdk=iphoneos*]" = "iPhone Developer";
				COPY_PHASE_STRIP = NO;
				ENABLE_STRICT_OBJC_MSGSEND = YES;
				GCC_C_LANGUAGE_STANDARD = gnu99;
				GCC_DYNAMIC_NO_PIC = NO;
				GCC_OPTIMIZATION_LEVEL = 0;
				GCC_PREPROCESSOR_DEFINITIONS = (
					"DEBUG=1",
					"$(inherited)",
				);
				GCC_SYMBOLS_PRIVATE_EXTERN = NO;
				GCC_WARN_64_TO_32_BIT_CONVERSION = YES;
				GCC_WARN_ABOUT_RETURN_TYPE = YES_ERROR;
				GCC_WARN_UNDECLARED_SELECTOR = YES;
				GCC_WARN_UNINITIALIZED_AUTOS = YES_AGGRESSIVE;
				GCC_WARN_UNUSED_FUNCTION = YES;
				GCC_WARN_UNUSED_VARIABLE = YES;
				IPHONEOS_DEPLOYMENT_TARGET = 7.0;
				METAL_ENABLE_DEBUG_INFO = YES;
				ONLY_ACTIVE_ARCH = YES;
				SDKROOT = iphoneos;
				SWIFT_OPTIMIZATION_LEVEL = "-Onone";
			};
			name = Debug;
		};
		2246442C194BE612000F5568 /* Release */ = {
			isa = XCBuildConfiguration;
			buildSettings = {
				ALWAYS_SEARCH_USER_PATHS = NO;
				CLANG_CXX_LANGUAGE_STANDARD = "gnu++0x";
				CLANG_CXX_LIBRARY = "libc++";
				CLANG_ENABLE_MODULES = YES;
				CLANG_ENABLE_OBJC_ARC = YES;
				CLANG_WARN_BOOL_CONVERSION = YES;
				CLANG_WARN_CONSTANT_CONVERSION = YES;
				CLANG_WARN_DIRECT_OBJC_ISA_USAGE = YES_ERROR;
				CLANG_WARN_EMPTY_BODY = YES;
				CLANG_WARN_ENUM_CONVERSION = YES;
				CLANG_WARN_INT_CONVERSION = YES;
				CLANG_WARN_OBJC_ROOT_CLASS = YES_ERROR;
				CLANG_WARN_UNREACHABLE_CODE = YES;
				CLANG_WARN__DUPLICATE_METHOD_MATCH = YES;
				"CODE_SIGN_IDENTITY[sdk=iphoneos*]" = "iPhone Developer";
				COPY_PHASE_STRIP = YES;
				ENABLE_NS_ASSERTIONS = NO;
				ENABLE_STRICT_OBJC_MSGSEND = YES;
				GCC_C_LANGUAGE_STANDARD = gnu99;
				GCC_WARN_64_TO_32_BIT_CONVERSION = YES;
				GCC_WARN_ABOUT_RETURN_TYPE = YES_ERROR;
				GCC_WARN_UNDECLARED_SELECTOR = YES;
				GCC_WARN_UNINITIALIZED_AUTOS = YES_AGGRESSIVE;
				GCC_WARN_UNUSED_FUNCTION = YES;
				GCC_WARN_UNUSED_VARIABLE = YES;
				IPHONEOS_DEPLOYMENT_TARGET = 7.0;
				METAL_ENABLE_DEBUG_INFO = NO;
				SDKROOT = iphoneos;
				VALIDATE_PRODUCT = YES;
			};
			name = Release;
		};
		2246442E194BE612000F5568 /* Debug */ = {
			isa = XCBuildConfiguration;
			baseConfigurationReference = F9A19CA68DDB08469032569E /* Pods.debug.xcconfig */;
			buildSettings = {
				ASSETCATALOG_COMPILER_APPICON_NAME = AppIcon;
				ASSETCATALOG_COMPILER_LAUNCHIMAGE_NAME = LaunchImage;
				CLANG_ENABLE_MODULES = YES;
				FRAMEWORK_SEARCH_PATHS = (
					"$(inherited)",
					"$(PROJECT_DIR)",
				);
				INFOPLIST_FILE = "The Oakland Post/Info.plist";
				IPHONEOS_DEPLOYMENT_TARGET = 7.0;
				LD_RUNPATH_SEARCH_PATHS = "$(inherited) @executable_path/Frameworks";
				PRODUCT_NAME = TheOaklandPost;
				SWIFT_OBJC_BRIDGING_HEADER = "The Oakland Post/The Oakland Post-Bridging-Header.h";
				SWIFT_OPTIMIZATION_LEVEL = "-Onone";
				TARGETED_DEVICE_FAMILY = "1,2";
			};
			name = Debug;
		};
		2246442F194BE612000F5568 /* Release */ = {
			isa = XCBuildConfiguration;
			baseConfigurationReference = 859AFBB753CC9F57422B0F32 /* Pods.release.xcconfig */;
			buildSettings = {
				ASSETCATALOG_COMPILER_APPICON_NAME = AppIcon;
				ASSETCATALOG_COMPILER_LAUNCHIMAGE_NAME = LaunchImage;
				CLANG_ENABLE_MODULES = YES;
				FRAMEWORK_SEARCH_PATHS = (
					"$(inherited)",
					"$(PROJECT_DIR)",
				);
				INFOPLIST_FILE = "The Oakland Post/Info.plist";
				IPHONEOS_DEPLOYMENT_TARGET = 7.0;
				LD_RUNPATH_SEARCH_PATHS = "$(inherited) @executable_path/Frameworks";
				PRODUCT_NAME = TheOaklandPost;
				SWIFT_OBJC_BRIDGING_HEADER = "The Oakland Post/The Oakland Post-Bridging-Header.h";
				TARGETED_DEVICE_FAMILY = "1,2";
			};
			name = Release;
		};
/* End XCBuildConfiguration section */

/* Begin XCConfigurationList section */
		2246440A194BE612000F5568 /* Build configuration list for PBXProject "TheOaklandPost" */ = {
			isa = XCConfigurationList;
			buildConfigurations = (
				2246442B194BE612000F5568 /* Debug */,
				2246442C194BE612000F5568 /* Release */,
			);
			defaultConfigurationIsVisible = 0;
			defaultConfigurationName = Release;
		};
		2246442D194BE612000F5568 /* Build configuration list for PBXNativeTarget "TheOaklandPost" */ = {
			isa = XCConfigurationList;
			buildConfigurations = (
				2246442E194BE612000F5568 /* Debug */,
				2246442F194BE612000F5568 /* Release */,
			);
			defaultConfigurationIsVisible = 0;
			defaultConfigurationName = Release;
		};
/* End XCConfigurationList section */
	};
	rootObject = 22464407194BE612000F5568 /* Project object */;
}
